// !$*UTF8*$!
{
	archiveVersion = 1;
	classes = {
	};
	objectVersion = 46;
	objects = {

/* Begin PBXBuildFile section */
		511A7A7B193E20C500FEE6E8 /* AppDelegate.swift in Sources */ = {isa = PBXBuildFile; fileRef = 511A7A7A193E20C500FEE6E8 /* AppDelegate.swift */; };
		511A7A7D193E20C500FEE6E8 /* ViewController.swift in Sources */ = {isa = PBXBuildFile; fileRef = 511A7A7C193E20C500FEE6E8 /* ViewController.swift */; };
		511A7A80193E20C500FEE6E8 /* Main.storyboard in Resources */ = {isa = PBXBuildFile; fileRef = 511A7A7E193E20C500FEE6E8 /* Main.storyboard */; };
		511A7A82193E20C500FEE6E8 /* Images.xcassets in Resources */ = {isa = PBXBuildFile; fileRef = 511A7A81193E20C500FEE6E8 /* Images.xcassets */; };
		511A7A8E193E20C500FEE6E8 /* SingleTodoTests.swift in Sources */ = {isa = PBXBuildFile; fileRef = 511A7A8D193E20C500FEE6E8 /* SingleTodoTests.swift */; };
		511A7A99193E211600FEE6E8 /* ILTask.swift in Sources */ = {isa = PBXBuildFile; fileRef = 511A7A98193E211600FEE6E8 /* ILTask.swift */; };
		511A7A9C193E226700FEE6E8 /* ILTodoTableViewController.swift in Sources */ = {isa = PBXBuildFile; fileRef = 511A7A9A193E226700FEE6E8 /* ILTodoTableViewController.swift */; };
		511A7A9D193E226700FEE6E8 /* ILTodoTableViewController.xib in Resources */ = {isa = PBXBuildFile; fileRef = 511A7A9B193E226700FEE6E8 /* ILTodoTableViewController.xib */; };
		511A7AA0193E3EAB00FEE6E8 /* ILNewTaskViewController.swift in Sources */ = {isa = PBXBuildFile; fileRef = 511A7A9E193E3EAB00FEE6E8 /* ILNewTaskViewController.swift */; };
		511A7AA1193E3EAB00FEE6E8 /* ILNewTaskViewController.xib in Resources */ = {isa = PBXBuildFile; fileRef = 511A7A9F193E3EAB00FEE6E8 /* ILNewTaskViewController.xib */; };
/* End PBXBuildFile section */

/* Begin PBXContainerItemProxy section */
		511A7A88193E20C500FEE6E8 /* PBXContainerItemProxy */ = {
			isa = PBXContainerItemProxy;
			containerPortal = 511A7A6D193E20C500FEE6E8 /* Project object */;
			proxyType = 1;
			remoteGlobalIDString = 511A7A74193E20C500FEE6E8;
			remoteInfo = SingleTodo;
		};
/* End PBXContainerItemProxy section */

/* Begin PBXFileReference section */
		511A7A75193E20C500FEE6E8 /* SingleTodo.app */ = {isa = PBXFileReference; explicitFileType = wrapper.application; includeInIndex = 0; path = SingleTodo.app; sourceTree = BUILT_PRODUCTS_DIR; };
		511A7A79193E20C500FEE6E8 /* Info.plist */ = {isa = PBXFileReference; lastKnownFileType = text.plist.xml; path = Info.plist; sourceTree = "<group>"; };
		511A7A7A193E20C500FEE6E8 /* AppDelegate.swift */ = {isa = PBXFileReference; lastKnownFileType = sourcecode.swift; path = AppDelegate.swift; sourceTree = "<group>"; };
		511A7A7C193E20C500FEE6E8 /* ViewController.swift */ = {isa = PBXFileReference; lastKnownFileType = sourcecode.swift; path = ViewController.swift; sourceTree = "<group>"; };
		511A7A7F193E20C500FEE6E8 /* Base */ = {isa = PBXFileReference; lastKnownFileType = file.storyboard; name = Base; path = Base.lproj/Main.storyboard; sourceTree = "<group>"; };
		511A7A81193E20C500FEE6E8 /* Images.xcassets */ = {isa = PBXFileReference; lastKnownFileType = folder.assetcatalog; path = Images.xcassets; sourceTree = "<group>"; };
		511A7A87193E20C500FEE6E8 /* SingleTodoTests.xctest */ = {isa = PBXFileReference; explicitFileType = wrapper.cfbundle; includeInIndex = 0; path = SingleTodoTests.xctest; sourceTree = BUILT_PRODUCTS_DIR; };
		511A7A8C193E20C500FEE6E8 /* Info.plist */ = {isa = PBXFileReference; lastKnownFileType = text.plist.xml; path = Info.plist; sourceTree = "<group>"; };
		511A7A8D193E20C500FEE6E8 /* SingleTodoTests.swift */ = {isa = PBXFileReference; lastKnownFileType = sourcecode.swift; path = SingleTodoTests.swift; sourceTree = "<group>"; };
		511A7A98193E211600FEE6E8 /* ILTask.swift */ = {isa = PBXFileReference; fileEncoding = 4; lastKnownFileType = sourcecode.swift; path = ILTask.swift; sourceTree = "<group>"; };
		511A7A9A193E226700FEE6E8 /* ILTodoTableViewController.swift */ = {isa = PBXFileReference; fileEncoding = 4; lastKnownFileType = sourcecode.swift; path = ILTodoTableViewController.swift; sourceTree = "<group>"; };
		511A7A9B193E226700FEE6E8 /* ILTodoTableViewController.xib */ = {isa = PBXFileReference; fileEncoding = 4; lastKnownFileType = file.xib; path = ILTodoTableViewController.xib; sourceTree = "<group>"; };
		511A7A9E193E3EAB00FEE6E8 /* ILNewTaskViewController.swift */ = {isa = PBXFileReference; fileEncoding = 4; lastKnownFileType = sourcecode.swift; path = ILNewTaskViewController.swift; sourceTree = "<group>"; };
		511A7A9F193E3EAB00FEE6E8 /* ILNewTaskViewController.xib */ = {isa = PBXFileReference; fileEncoding = 4; lastKnownFileType = file.xib; path = ILNewTaskViewController.xib; sourceTree = "<group>"; };
/* End PBXFileReference section */

/* Begin PBXFrameworksBuildPhase section */
		511A7A72193E20C500FEE6E8 /* Frameworks */ = {
			isa = PBXFrameworksBuildPhase;
			buildActionMask = 2147483647;
			files = (
			);
			runOnlyForDeploymentPostprocessing = 0;
		};
		511A7A84193E20C500FEE6E8 /* Frameworks */ = {
			isa = PBXFrameworksBuildPhase;
			buildActionMask = 2147483647;
			files = (
			);
			runOnlyForDeploymentPostprocessing = 0;
		};
/* End PBXFrameworksBuildPhase section */

/* Begin PBXGroup section */
		511A7A6C193E20C500FEE6E8 = {
			isa = PBXGroup;
			children = (
				511A7A77193E20C500FEE6E8 /* SingleTodo */,
				511A7A8A193E20C500FEE6E8 /* SingleTodoTests */,
				511A7A76193E20C500FEE6E8 /* Products */,
			);
			sourceTree = "<group>";
		};
		511A7A76193E20C500FEE6E8 /* Products */ = {
			isa = PBXGroup;
			children = (
				511A7A75193E20C500FEE6E8 /* SingleTodo.app */,
				511A7A87193E20C500FEE6E8 /* SingleTodoTests.xctest */,
			);
			name = Products;
			sourceTree = "<group>";
		};
		511A7A77193E20C500FEE6E8 /* SingleTodo */ = {
			isa = PBXGroup;
			children = (
				511A7A97193E20D100FEE6E8 /* Models */,
				511A7A7A193E20C500FEE6E8 /* AppDelegate.swift */,
				511A7A7C193E20C500FEE6E8 /* ViewController.swift */,
				511A7A7E193E20C500FEE6E8 /* Main.storyboard */,
				511A7A81193E20C500FEE6E8 /* Images.xcassets */,
				511A7A78193E20C500FEE6E8 /* Supporting Files */,
				511A7A9A193E226700FEE6E8 /* ILTodoTableViewController.swift */,
				511A7A9B193E226700FEE6E8 /* ILTodoTableViewController.xib */,
				511A7A9E193E3EAB00FEE6E8 /* ILNewTaskViewController.swift */,
				511A7A9F193E3EAB00FEE6E8 /* ILNewTaskViewController.xib */,
			);
			path = SingleTodo;
			sourceTree = "<group>";
		};
		511A7A78193E20C500FEE6E8 /* Supporting Files */ = {
			isa = PBXGroup;
			children = (
				511A7A79193E20C500FEE6E8 /* Info.plist */,
			);
			name = "Supporting Files";
			sourceTree = "<group>";
		};
		511A7A8A193E20C500FEE6E8 /* SingleTodoTests */ = {
			isa = PBXGroup;
			children = (
				511A7A8D193E20C500FEE6E8 /* SingleTodoTests.swift */,
				511A7A8B193E20C500FEE6E8 /* Supporting Files */,
			);
			path = SingleTodoTests;
			sourceTree = "<group>";
		};
		511A7A8B193E20C500FEE6E8 /* Supporting Files */ = {
			isa = PBXGroup;
			children = (
				511A7A8C193E20C500FEE6E8 /* Info.plist */,
			);
			name = "Supporting Files";
			sourceTree = "<group>";
		};
		511A7A97193E20D100FEE6E8 /* Models */ = {
			isa = PBXGroup;
			children = (
				511A7A98193E211600FEE6E8 /* ILTask.swift */,
			);
			path = Models;
			sourceTree = "<group>";
		};
/* End PBXGroup section */

/* Begin PBXNativeTarget section */
		511A7A74193E20C500FEE6E8 /* SingleTodo */ = {
			isa = PBXNativeTarget;
			buildConfigurationList = 511A7A91193E20C500FEE6E8 /* Build configuration list for PBXNativeTarget "SingleTodo" */;
			buildPhases = (
				511A7A71193E20C500FEE6E8 /* Sources */,
				511A7A72193E20C500FEE6E8 /* Frameworks */,
				511A7A73193E20C500FEE6E8 /* Resources */,
			);
			buildRules = (
			);
			dependencies = (
			);
			name = SingleTodo;
			productName = SingleTodo;
			productReference = 511A7A75193E20C500FEE6E8 /* SingleTodo.app */;
			productType = "com.apple.product-type.application";
		};
		511A7A86193E20C500FEE6E8 /* SingleTodoTests */ = {
			isa = PBXNativeTarget;
			buildConfigurationList = 511A7A94193E20C500FEE6E8 /* Build configuration list for PBXNativeTarget "SingleTodoTests" */;
			buildPhases = (
				511A7A83193E20C500FEE6E8 /* Sources */,
				511A7A84193E20C500FEE6E8 /* Frameworks */,
				511A7A85193E20C500FEE6E8 /* Resources */,
			);
			buildRules = (
			);
			dependencies = (
				511A7A89193E20C500FEE6E8 /* PBXTargetDependency */,
			);
			name = SingleTodoTests;
			productName = SingleTodoTests;
			productReference = 511A7A87193E20C500FEE6E8 /* SingleTodoTests.xctest */;
			productType = "com.apple.product-type.bundle.unit-test";
		};
/* End PBXNativeTarget section */

/* Begin PBXProject section */
		511A7A6D193E20C500FEE6E8 /* Project object */ = {
			isa = PBXProject;
			attributes = {
				LastUpgradeCheck = 0600;
				ORGANIZATIONNAME = "Icalia Labs";
				TargetAttributes = {
					511A7A74193E20C500FEE6E8 = {
						CreatedOnToolsVersion = 6.0;
					};
					511A7A86193E20C500FEE6E8 = {
						CreatedOnToolsVersion = 6.0;
						TestTargetID = 511A7A74193E20C500FEE6E8;
					};
				};
			};
			buildConfigurationList = 511A7A70193E20C500FEE6E8 /* Build configuration list for PBXProject "SingleTodo" */;
			compatibilityVersion = "Xcode 3.2";
			developmentRegion = English;
			hasScannedForEncodings = 0;
			knownRegions = (
				en,
				Base,
			);
			mainGroup = 511A7A6C193E20C500FEE6E8;
			productRefGroup = 511A7A76193E20C500FEE6E8 /* Products */;
			projectDirPath = "";
			projectRoot = "";
			targets = (
				511A7A74193E20C500FEE6E8 /* SingleTodo */,
				511A7A86193E20C500FEE6E8 /* SingleTodoTests */,
			);
		};
/* End PBXProject section */

/* Begin PBXResourcesBuildPhase section */
		511A7A73193E20C500FEE6E8 /* Resources */ = {
			isa = PBXResourcesBuildPhase;
			buildActionMask = 2147483647;
			files = (
				511A7A80193E20C500FEE6E8 /* Main.storyboard in Resources */,
				511A7AA1193E3EAB00FEE6E8 /* ILNewTaskViewController.xib in Resources */,
				511A7A9D193E226700FEE6E8 /* ILTodoTableViewController.xib in Resources */,
				511A7A82193E20C500FEE6E8 /* Images.xcassets in Resources */,
			);
			runOnlyForDeploymentPostprocessing = 0;
		};
		511A7A85193E20C500FEE6E8 /* Resources */ = {
			isa = PBXResourcesBuildPhase;
			buildActionMask = 2147483647;
			files = (
			);
			runOnlyForDeploymentPostprocessing = 0;
		};
/* End PBXResourcesBuildPhase section */

/* Begin PBXSourcesBuildPhase section */
		511A7A71193E20C500FEE6E8 /* Sources */ = {
			isa = PBXSourcesBuildPhase;
			buildActionMask = 2147483647;
			files = (
				511A7A9C193E226700FEE6E8 /* ILTodoTableViewController.swift in Sources */,
				511A7A99193E211600FEE6E8 /* ILTask.swift in Sources */,
				511A7AA0193E3EAB00FEE6E8 /* ILNewTaskViewController.swift in Sources */,
				511A7A7D193E20C500FEE6E8 /* ViewController.swift in Sources */,
				511A7A7B193E20C500FEE6E8 /* AppDelegate.swift in Sources */,
			);
			runOnlyForDeploymentPostprocessing = 0;
		};
		511A7A83193E20C500FEE6E8 /* Sources */ = {
			isa = PBXSourcesBuildPhase;
			buildActionMask = 2147483647;
			files = (
				511A7A8E193E20C500FEE6E8 /* SingleTodoTests.swift in Sources */,
			);
			runOnlyForDeploymentPostprocessing = 0;
		};
/* End PBXSourcesBuildPhase section */

/* Begin PBXTargetDependency section */
		511A7A89193E20C500FEE6E8 /* PBXTargetDependency */ = {
			isa = PBXTargetDependency;
			target = 511A7A74193E20C500FEE6E8 /* SingleTodo */;
			targetProxy = 511A7A88193E20C500FEE6E8 /* PBXContainerItemProxy */;
		};
/* End PBXTargetDependency section */

/* Begin PBXVariantGroup section */
		511A7A7E193E20C500FEE6E8 /* Main.storyboard */ = {
			isa = PBXVariantGroup;
			children = (
				511A7A7F193E20C500FEE6E8 /* Base */,
			);
			name = Main.storyboard;
			sourceTree = "<group>";
		};
/* End PBXVariantGroup section */

/* Begin XCBuildConfiguration section */
		511A7A8F193E20C500FEE6E8 /* Debug */ = {
			isa = XCBuildConfiguration;
			buildSettings = {
				ALWAYS_SEARCH_USER_PATHS = NO;
				CLANG_CXX_LANGUAGE_STANDARD = "gnu++0x";
				CLANG_CXX_LIBRARY = "libc++";
				CLANG_ENABLE_MODULES = YES;
				CLANG_ENABLE_OBJC_ARC = YES;
				CLANG_WARN_BOOL_CONVERSION = YES;
				CLANG_WARN_CONSTANT_CONVERSION = YES;
				CLANG_WARN_DIRECT_OBJC_ISA_USAGE = YES_ERROR;
				CLANG_WARN_EMPTY_BODY = YES;
				CLANG_WARN_ENUM_CONVERSION = YES;
				CLANG_WARN_INT_CONVERSION = YES;
				CLANG_WARN_OBJC_ROOT_CLASS = YES_ERROR;
				CLANG_WARN_UNREACHABLE_CODE = YES;
				CLANG_WARN__DUPLICATE_METHOD_MATCH = YES;
				"CODE_SIGN_IDENTITY[sdk=iphoneos*]" = "iPhone Developer";
				COPY_PHASE_STRIP = NO;
				ENABLE_STRICT_OBJC_MSGSEND = YES;
				GCC_C_LANGUAGE_STANDARD = gnu99;
				GCC_DYNAMIC_NO_PIC = NO;
				GCC_OPTIMIZATION_LEVEL = 0;
				GCC_PREPROCESSOR_DEFINITIONS = (
					"DEBUG=1",
					"$(inherited)",
				);
				GCC_SYMBOLS_PRIVATE_EXTERN = NO;
				GCC_WARN_64_TO_32_BIT_CONVERSION = YES;
				GCC_WARN_ABOUT_RETURN_TYPE = YES_ERROR;
				GCC_WARN_UNDECLARED_SELECTOR = YES;
				GCC_WARN_UNINITIALIZED_AUTOS = YES_AGGRESSIVE;
				GCC_WARN_UNUSED_FUNCTION = YES;
				GCC_WARN_UNUSED_VARIABLE = YES;
				IPHONEOS_DEPLOYMENT_TARGET = 8.0;
				METAL_ENABLE_DEBUG_INFO = YES;
				ONLY_ACTIVE_ARCH = YES;
				SDKROOT = iphoneos;
				SWIFT_OPTIMIZATION_LEVEL = "-Onone";
			};
			name = Debug;
		};
		511A7A90193E20C500FEE6E8 /* Release */ = {
			isa = XCBuildConfiguration;
			buildSettings = {
				ALWAYS_SEARCH_USER_PATHS = NO;
				CLANG_CXX_LANGUAGE_STANDARD = "gnu++0x";
				CLANG_CXX_LIBRARY = "libc++";
				CLANG_ENABLE_MODULES = YES;
				CLANG_ENABLE_OBJC_ARC = YES;
				CLANG_WARN_BOOL_CONVERSION = YES;
				CLANG_WARN_CONSTANT_CONVERSION = YES;
				CLANG_WARN_DIRECT_OBJC_ISA_USAGE = YES_ERROR;
				CLANG_WARN_EMPTY_BODY = YES;
				CLANG_WARN_ENUM_CONVERSION = YES;
				CLANG_WARN_INT_CONVERSION = YES;
				CLANG_WARN_OBJC_ROOT_CLASS = YES_ERROR;
				CLANG_WARN_UNREACHABLE_CODE = YES;
				CLANG_WARN__DUPLICATE_METHOD_MATCH = YES;
				"CODE_SIGN_IDENTITY[sdk=iphoneos*]" = "iPhone Developer";
				COPY_PHASE_STRIP = YES;
				ENABLE_NS_ASSERTIONS = NO;
				ENABLE_STRICT_OBJC_MSGSEND = YES;
				GCC_C_LANGUAGE_STANDARD = gnu99;
				GCC_WARN_64_TO_32_BIT_CONVERSION = YES;
				GCC_WARN_ABOUT_RETURN_TYPE = YES_ERROR;
				GCC_WARN_UNDECLARED_SELECTOR = YES;
				GCC_WARN_UNINITIALIZED_AUTOS = YES_AGGRESSIVE;
				GCC_WARN_UNUSED_FUNCTION = YES;
				GCC_WARN_UNUSED_VARIABLE = YES;
				IPHONEOS_DEPLOYMENT_TARGET = 8.0;
				METAL_ENABLE_DEBUG_INFO = NO;
				SDKROOT = iphoneos;
				VALIDATE_PRODUCT = YES;
			};
			name = Release;
		};
		511A7A92193E20C500FEE6E8 /* Debug */ = {
			isa = XCBuildConfiguration;
			buildSettings = {
				ASSETCATALOG_COMPILER_APPICON_NAME = AppIcon;
				ASSETCATALOG_COMPILER_LAUNCHIMAGE_NAME = LaunchImage;
				INFOPLIST_FILE = SingleTodo/Info.plist;
				LD_RUNPATH_SEARCH_PATHS = "$(inherited) @executable_path/Frameworks";
				PRODUCT_NAME = "$(TARGET_NAME)";
			};
			name = Debug;
		};
		511A7A93193E20C500FEE6E8 /* Release */ = {
			isa = XCBuildConfiguration;
			buildSettings = {
				ASSETCATALOG_COMPILER_APPICON_NAME = AppIcon;
				ASSETCATALOG_COMPILER_LAUNCHIMAGE_NAME = LaunchImage;
				INFOPLIST_FILE = SingleTodo/Info.plist;
				LD_RUNPATH_SEARCH_PATHS = "$(inherited) @executable_path/Frameworks";
				PRODUCT_NAME = "$(TARGET_NAME)";
			};
			name = Release;
		};
		511A7A95193E20C500FEE6E8 /* Debug */ = {
			isa = XCBuildConfiguration;
			buildSettings = {
				BUNDLE_LOADER = "$(BUILT_PRODUCTS_DIR)/SingleTodo.app/SingleTodo";
				FRAMEWORK_SEARCH_PATHS = (
					"$(SDKROOT)/Developer/Library/Frameworks",
					"$(inherited)",
				);
				GCC_PREPROCESSOR_DEFINITIONS = (
					"DEBUG=1",
					"$(inherited)",
				);
				INFOPLIST_FILE = SingleTodoTests/Info.plist;
				LD_RUNPATH_SEARCH_PATHS = "$(inherited) @executable_path/Frameworks @loader_path/Frameworks";
				METAL_ENABLE_DEBUG_INFO = YES;
				PRODUCT_NAME = "$(TARGET_NAME)";
				TEST_HOST = "$(BUNDLE_LOADER)";
			};
			name = Debug;
		};
		511A7A96193E20C500FEE6E8 /* Release */ = {
			isa = XCBuildConfiguration;
			buildSettings = {
				BUNDLE_LOADER = "$(BUILT_PRODUCTS_DIR)/SingleTodo.app/SingleTodo";
				FRAMEWORK_SEARCH_PATHS = (
					"$(SDKROOT)/Developer/Library/Frameworks",
					"$(inherited)",
				);
				INFOPLIST_FILE = SingleTodoTests/Info.plist;
				LD_RUNPATH_SEARCH_PATHS = "$(inherited) @executable_path/Frameworks @loader_path/Frameworks";
				METAL_ENABLE_DEBUG_INFO = NO;
				PRODUCT_NAME = "$(TARGET_NAME)";
				TEST_HOST = "$(BUNDLE_LOADER)";
			};
			name = Release;
		};
/* End XCBuildConfiguration section */

/* Begin XCConfigurationList section */
		511A7A70193E20C500FEE6E8 /* Build configuration list for PBXProject "SingleTodo" */ = {
			isa = XCConfigurationList;
			buildConfigurations = (
				511A7A8F193E20C500FEE6E8 /* Debug */,
				511A7A90193E20C500FEE6E8 /* Release */,
			);
			defaultConfigurationIsVisible = 0;
			defaultConfigurationName = Release;
		};
		511A7A91193E20C500FEE6E8 /* Build configuration list for PBXNativeTarget "SingleTodo" */ = {
			isa = XCConfigurationList;
			buildConfigurations = (
				511A7A92193E20C500FEE6E8 /* Debug */,
				511A7A93193E20C500FEE6E8 /* Release */,
			);
			defaultConfigurationIsVisible = 0;
		};
		511A7A94193E20C500FEE6E8 /* Build configuration list for PBXNativeTarget "SingleTodoTests" */ = {
			isa = XCConfigurationList;
			buildConfigurations = (
				511A7A95193E20C500FEE6E8 /* Debug */,
				511A7A96193E20C500FEE6E8 /* Release */,
			);
			defaultConfigurationIsVisible = 0;
		};
/* End XCConfigurationList section */
	};
	rootObject = 511A7A6D193E20C500FEE6E8 /* Project object */;
}
